
Microsoft Visual Studio Solution File, Format Version 12.00
# Visual Studio Version 16
VisualStudioVersion = 16.0.29306.81
MinimumVisualStudioVersion = 10.0.40219.1
Project("{FAE04EC0-301F-11D3-BF4B-00C04F79EFBC}") = "GildedRoseKata.Tests", "tests\GildedRoseKata.Tests\GildedRoseKata.Tests.csproj", "{C7C3C887-71E8-4110-8FFB-4667CDDD1E4E}"
EndProject
Project("{2150E333-8FDC-42A3-9474-1A3956D46DE8}") = "src", "src", "{D00C59CA-AEE8-4AD0-9575-E56B7EAF2E5C}"
EndProject
Project("{2150E333-8FDC-42A3-9474-1A3956D46DE8}") = "tests", "tests", "{01BC1861-6612-421D-AACE-BEA657AF6AC5}"
EndProject
Project("{FAE04EC0-301F-11D3-BF4B-00C04F79EFBC}") = "GildedRoseKata", "src\GildedRoseKata\GildedRoseKata.csproj", "{176C0214-9136-4079-8DAB-11D7420C3881}"
EndProject
Global
	GlobalSection(SolutionConfigurationPlatforms) = preSolution
		Debug|Any CPU = Debug|Any CPU
		Release|Any CPU = Release|Any CPU
	EndGlobalSection
	GlobalSection(ProjectConfigurationPlatforms) = postSolution
		{C7C3C887-71E8-4110-8FFB-4667CDDD1E4E}.Debug|Any CPU.ActiveCfg = Debug|Any CPU
		{C7C3C887-71E8-4110-8FFB-4667CDDD1E4E}.Debug|Any CPU.Build.0 = Debug|Any CPU
		{C7C3C887-71E8-4110-8FFB-4667CDDD1E4E}.Release|Any CPU.ActiveCfg = Release|Any CPU
		{C7C3C887-71E8-4110-8FFB-4667CDDD1E4E}.Release|Any CPU.Build.0 = Release|Any CPU
		{176C0214-9136-4079-8DAB-11D7420C3881}.Debug|Any CPU.ActiveCfg = Debug|Any CPU
		{176C0214-9136-4079-8DAB-11D7420C3881}.Debug|Any CPU.Build.0 = Debug|Any CPU
		{176C0214-9136-4079-8DAB-11D7420C3881}.Release|Any CPU.ActiveCfg = Release|Any CPU
		{176C0214-9136-4079-8DAB-11D7420C3881}.Release|Any CPU.Build.0 = Release|Any CPU
	EndGlobalSection
	GlobalSection(SolutionProperties) = preSolution
		HideSolutionNode = FALSE
	EndGlobalSection
	GlobalSection(NestedProjects) = preSolution
		{C7C3C887-71E8-4110-8FFB-4667CDDD1E4E} = {01BC1861-6612-421D-AACE-BEA657AF6AC5}
		{176C0214-9136-4079-8DAB-11D7420C3881} = {D00C59CA-AEE8-4AD0-9575-E56B7EAF2E5C}
	EndGlobalSection
	GlobalSection(ExtensibilityGlobals) = postSolution
		SolutionGuid = {0AFDD348-E266-4CE8-A37C-97E25FC77103}
	EndGlobalSection
EndGlobal
